
Microsoft Visual Studio Solution File, Format Version 10.00
# Visual Studio 2008
Project("{FAE04EC0-301F-11D3-BF4B-00C04F79EFBC}") = "Albian.Cached", "Albian.Cached\Albian.Cached.csproj", "{C842F310-52A3-4111-BD4A-65A2798B929B}"
EndProject
Project("{FAE04EC0-301F-11D3-BF4B-00C04F79EFBC}") = "Albian.Cached.Imp", "Albian.Cached.Imp\Albian.Cached.Imp.csproj", "{0900A2D7-9898-4AAA-B093-6B085EA5BA79}"
EndProject
Project("{FAE04EC0-301F-11D3-BF4B-00C04F79EFBC}") = "Albian.Persistence", "Albian.Persistence\Albian.Persistence.csproj", "{911A7AEC-4D7C-4A61-88F9-7F8645735F92}"
EndProject
Project("{FAE04EC0-301F-11D3-BF4B-00C04F79EFBC}") = "Albian.Persistence.Imp", "Albian.Persistence.Imp\Albian.Persistence.Imp.csproj", "{376313F1-1886-4690-8E93-9B4ACE705868}"
EndProject
Project("{FAE04EC0-301F-11D3-BF4B-00C04F79EFBC}") = "Albian.Security", "Albian.Security\Albian.Security.csproj", "{9A36CCF2-2173-40EB-95A0-715F75E8EA81}"
EndProject
Project("{FAE04EC0-301F-11D3-BF4B-00C04F79EFBC}") = "Albian.Persistence.Imp.TestProject", "Albian.Persistence.Imp.TestProject\Albian.Persistence.Imp.TestProject.csproj", "{04AC70C0-213F-43BC-89F3-B29FB2E6EAAB}"
EndProject
Project("{2150E333-8FDC-42A3-9474-1A3956D46DE8}") = "Solution Items", "Solution Items", "{2EDF6137-52F4-4018-B87F-C837D45E3935}"
	ProjectSection(SolutionItems) = preProject
		Albian.vsmdi = Albian.vsmdi
		LocalTestRun.testrunconfig = LocalTestRun.testrunconfig
	EndProjectSection
EndProject
Project("{FAE04EC0-301F-11D3-BF4B-00C04F79EFBC}") = "Albian.Para", "Albian.Para\Albian.Para.csproj", "{2116FE8B-0939-403B-975C-8AC806FC070E}"
EndProject
Project("{FAE04EC0-301F-11D3-BF4B-00C04F79EFBC}") = "Albian.Para.Imp", "Albian.Para.Imp\Albian.Para.Imp.csproj", "{07C7E698-1742-4AD5-8E7F-01117F549A8B}"
EndProject
Project("{FAE04EC0-301F-11D3-BF4B-00C04F79EFBC}") = "Albian.Sync", "Albian.Sync\Albian.Sync.csproj", "{0D2EC4AF-15DB-447F-BC8F-1626A57D694E}"
EndProject
Project("{FAE04EC0-301F-11D3-BF4B-00C04F79EFBC}") = "Albian.Sync.Imp", "Albian.Sync.Imp\Albian.Sync.Imp.csproj", "{0CAB7E06-21A1-4160-AF0A-80513B10A0CF}"
EndProject
Project("{FAE04EC0-301F-11D3-BF4B-00C04F79EFBC}") = "Albian.Kernel", "Albian.Kernel\Albian.Kernel.csproj", "{5EF37887-AADF-4753-A1F2-BAA45135DAF4}"
EndProject
Project("{2150E333-8FDC-42A3-9474-1A3956D46DE8}") = "Test", "Test", "{3A4379A9-C236-4AF0-94E8-E7C40DA51AE1}"
EndProject
Project("{FAE04EC0-301F-11D3-BF4B-00C04F79EFBC}") = "Albian.Sercice.Imp.TestProject", "Albian.Sercice.Imp.TestProject\Albian.Sercice.Imp.TestProject.csproj", "{3DD9C820-B6F1-4090-9CF2-6E32CC6968D1}"
EndProject
Global
	GlobalSection(SubversionScc) = preSolution
		Svn-Managed = True
		Manager = AnkhSVN - Subversion Support for Visual Studio
	EndGlobalSection
	GlobalSection(TestCaseManagementSettings) = postSolution
		CategoryFile = Albian.vsmdi
	EndGlobalSection
	GlobalSection(SolutionConfigurationPlatforms) = preSolution
		Debug|Any CPU = Debug|Any CPU
		Release|Any CPU = Release|Any CPU
	EndGlobalSection
	GlobalSection(ProjectConfigurationPlatforms) = postSolution
		{C842F310-52A3-4111-BD4A-65A2798B929B}.Debug|Any CPU.ActiveCfg = Debug|Any CPU
		{C842F310-52A3-4111-BD4A-65A2798B929B}.Debug|Any CPU.Build.0 = Debug|Any CPU
		{C842F310-52A3-4111-BD4A-65A2798B929B}.Release|Any CPU.ActiveCfg = Release|Any CPU
		{C842F310-52A3-4111-BD4A-65A2798B929B}.Release|Any CPU.Build.0 = Release|Any CPU
		{0900A2D7-9898-4AAA-B093-6B085EA5BA79}.Debug|Any CPU.ActiveCfg = Debug|Any CPU
		{0900A2D7-9898-4AAA-B093-6B085EA5BA79}.Debug|Any CPU.Build.0 = Debug|Any CPU
		{0900A2D7-9898-4AAA-B093-6B085EA5BA79}.Release|Any CPU.ActiveCfg = Release|Any CPU
		{0900A2D7-9898-4AAA-B093-6B085EA5BA79}.Release|Any CPU.Build.0 = Release|Any CPU
		{911A7AEC-4D7C-4A61-88F9-7F8645735F92}.Debug|Any CPU.ActiveCfg = Debug|Any CPU
		{911A7AEC-4D7C-4A61-88F9-7F8645735F92}.Debug|Any CPU.Build.0 = Debug|Any CPU
		{911A7AEC-4D7C-4A61-88F9-7F8645735F92}.Release|Any CPU.ActiveCfg = Release|Any CPU
		{911A7AEC-4D7C-4A61-88F9-7F8645735F92}.Release|Any CPU.Build.0 = Release|Any CPU
		{376313F1-1886-4690-8E93-9B4ACE705868}.Debug|Any CPU.ActiveCfg = Debug|Any CPU
		{376313F1-1886-4690-8E93-9B4ACE705868}.Debug|Any CPU.Build.0 = Debug|Any CPU
		{376313F1-1886-4690-8E93-9B4ACE705868}.Release|Any CPU.ActiveCfg = Release|Any CPU
		{376313F1-1886-4690-8E93-9B4ACE705868}.Release|Any CPU.Build.0 = Release|Any CPU
		{9A36CCF2-2173-40EB-95A0-715F75E8EA81}.Debug|Any CPU.ActiveCfg = Debug|Any CPU
		{9A36CCF2-2173-40EB-95A0-715F75E8EA81}.Debug|Any CPU.Build.0 = Debug|Any CPU
		{9A36CCF2-2173-40EB-95A0-715F75E8EA81}.Release|Any CPU.ActiveCfg = Release|Any CPU
		{9A36CCF2-2173-40EB-95A0-715F75E8EA81}.Release|Any CPU.Build.0 = Release|Any CPU
		{04AC70C0-213F-43BC-89F3-B29FB2E6EAAB}.Debug|Any CPU.ActiveCfg = Debug|Any CPU
		{04AC70C0-213F-43BC-89F3-B29FB2E6EAAB}.Debug|Any CPU.Build.0 = Debug|Any CPU
		{04AC70C0-213F-43BC-89F3-B29FB2E6EAAB}.Release|Any CPU.ActiveCfg = Release|Any CPU
		{04AC70C0-213F-43BC-89F3-B29FB2E6EAAB}.Release|Any CPU.Build.0 = Release|Any CPU
		{2116FE8B-0939-403B-975C-8AC806FC070E}.Debug|Any CPU.ActiveCfg = Debug|Any CPU
		{2116FE8B-0939-403B-975C-8AC806FC070E}.Debug|Any CPU.Build.0 = Debug|Any CPU
		{2116FE8B-0939-403B-975C-8AC806FC070E}.Release|Any CPU.ActiveCfg = Release|Any CPU
		{2116FE8B-0939-403B-975C-8AC806FC070E}.Release|Any CPU.Build.0 = Release|Any CPU
		{07C7E698-1742-4AD5-8E7F-01117F549A8B}.Debug|Any CPU.ActiveCfg = Debug|Any CPU
		{07C7E698-1742-4AD5-8E7F-01117F549A8B}.Debug|Any CPU.Build.0 = Debug|Any CPU
		{07C7E698-1742-4AD5-8E7F-01117F549A8B}.Release|Any CPU.ActiveCfg = Release|Any CPU
		{07C7E698-1742-4AD5-8E7F-01117F549A8B}.Release|Any CPU.Build.0 = Release|Any CPU
		{0D2EC4AF-15DB-447F-BC8F-1626A57D694E}.Debug|Any CPU.ActiveCfg = Debug|Any CPU
		{0D2EC4AF-15DB-447F-BC8F-1626A57D694E}.Debug|Any CPU.Build.0 = Debug|Any CPU
		{0D2EC4AF-15DB-447F-BC8F-1626A57D694E}.Release|Any CPU.ActiveCfg = Release|Any CPU
		{0D2EC4AF-15DB-447F-BC8F-1626A57D694E}.Release|Any CPU.Build.0 = Release|Any CPU
		{0CAB7E06-21A1-4160-AF0A-80513B10A0CF}.Debug|Any CPU.ActiveCfg = Debug|Any CPU
		{0CAB7E06-21A1-4160-AF0A-80513B10A0CF}.Debug|Any CPU.Build.0 = Debug|Any CPU
		{0CAB7E06-21A1-4160-AF0A-80513B10A0CF}.Release|Any CPU.ActiveCfg = Release|Any CPU
		{0CAB7E06-21A1-4160-AF0A-80513B10A0CF}.Release|Any CPU.Build.0 = Release|Any CPU
		{5EF37887-AADF-4753-A1F2-BAA45135DAF4}.Debug|Any CPU.ActiveCfg = Debug|Any CPU
		{5EF37887-AADF-4753-A1F2-BAA45135DAF4}.Debug|Any CPU.Build.0 = Debug|Any CPU
		{5EF37887-AADF-4753-A1F2-BAA45135DAF4}.Release|Any CPU.ActiveCfg = Release|Any CPU
		{5EF37887-AADF-4753-A1F2-BAA45135DAF4}.Release|Any CPU.Build.0 = Release|Any CPU
		{3DD9C820-B6F1-4090-9CF2-6E32CC6968D1}.Debug|Any CPU.ActiveCfg = Debug|Any CPU
		{3DD9C820-B6F1-4090-9CF2-6E32CC6968D1}.Debug|Any CPU.Build.0 = Debug|Any CPU
		{3DD9C820-B6F1-4090-9CF2-6E32CC6968D1}.Release|Any CPU.ActiveCfg = Release|Any CPU
		{3DD9C820-B6F1-4090-9CF2-6E32CC6968D1}.Release|Any CPU.Build.0 = Release|Any CPU
	EndGlobalSection
	GlobalSection(SolutionProperties) = preSolution
		HideSolutionNode = FALSE
	EndGlobalSection
	GlobalSection(NestedProjects) = preSolution
		{04AC70C0-213F-43BC-89F3-B29FB2E6EAAB} = {3A4379A9-C236-4AF0-94E8-E7C40DA51AE1}
		{3DD9C820-B6F1-4090-9CF2-6E32CC6968D1} = {3A4379A9-C236-4AF0-94E8-E7C40DA51AE1}
	EndGlobalSection
EndGlobal
